// !$*UTF8*$!
{
	archiveVersion = 1;
	classes = {
	};
	objectVersion = 50;
	objects = {

/* Begin PBXBuildFile section */
		170F3A78AB56DD217B032B30 /* Pods_IPFSiOS.framework in Frameworks */ = {isa = PBXBuildFile; fileRef = EB9A369D697BAF048CB1764D /* Pods_IPFSiOS.framework */; };
		898FD3913BEAF3C17A12B602 /* Pods_IPFSiOSTests.framework in Frameworks */ = {isa = PBXBuildFile; fileRef = 2FAE941D0B86DB01E8157ABC /* Pods_IPFSiOSTests.framework */; };
		F8DD57B1214C9B0D00BF5E2B /* AppDelegate.swift in Sources */ = {isa = PBXBuildFile; fileRef = F8DD57B0214C9B0D00BF5E2B /* AppDelegate.swift */; };
		F8DD57B3214C9B0D00BF5E2B /* ViewController.swift in Sources */ = {isa = PBXBuildFile; fileRef = F8DD57B2214C9B0D00BF5E2B /* ViewController.swift */; };
		F8DD57B6214C9B0D00BF5E2B /* Main.storyboard in Resources */ = {isa = PBXBuildFile; fileRef = F8DD57B4214C9B0D00BF5E2B /* Main.storyboard */; };
		F8DD57B8214C9B0E00BF5E2B /* Assets.xcassets in Resources */ = {isa = PBXBuildFile; fileRef = F8DD57B7214C9B0E00BF5E2B /* Assets.xcassets */; };
		F8DD57BB214C9B0E00BF5E2B /* LaunchScreen.storyboard in Resources */ = {isa = PBXBuildFile; fileRef = F8DD57B9214C9B0E00BF5E2B /* LaunchScreen.storyboard */; };
		F8DD57C6214C9B0E00BF5E2B /* IPFSiOSTests.swift in Sources */ = {isa = PBXBuildFile; fileRef = F8DD57C5214C9B0E00BF5E2B /* IPFSiOSTests.swift */; };
/* End PBXBuildFile section */

/* Begin PBXContainerItemProxy section */
		F8DD57C2214C9B0E00BF5E2B /* PBXContainerItemProxy */ = {
			isa = PBXContainerItemProxy;
			containerPortal = F8DD57A5214C9B0D00BF5E2B /* Project object */;
			proxyType = 1;
			remoteGlobalIDString = F8DD57AC214C9B0D00BF5E2B;
			remoteInfo = IPFSiOS;
		};
/* End PBXContainerItemProxy section */

/* Begin PBXFileReference section */
		2FAE941D0B86DB01E8157ABC /* Pods_IPFSiOSTests.framework */ = {isa = PBXFileReference; explicitFileType = wrapper.framework; includeInIndex = 0; path = Pods_IPFSiOSTests.framework; sourceTree = BUILT_PRODUCTS_DIR; };
		647E83BCB0E5E2078E06F412 /* Pods-IPFSiOS.release.xcconfig */ = {isa = PBXFileReference; includeInIndex = 1; lastKnownFileType = text.xcconfig; name = "Pods-IPFSiOS.release.xcconfig"; path = "Pods/Target Support Files/Pods-IPFSiOS/Pods-IPFSiOS.release.xcconfig"; sourceTree = "<group>"; };
		765800891889FBF96912A13A /* Pods-IPFSiOSTests.release.xcconfig */ = {isa = PBXFileReference; includeInIndex = 1; lastKnownFileType = text.xcconfig; name = "Pods-IPFSiOSTests.release.xcconfig"; path = "Pods/Target Support Files/Pods-IPFSiOSTests/Pods-IPFSiOSTests.release.xcconfig"; sourceTree = "<group>"; };
		E35923C9A99DAB76BD6D3EF7 /* Pods-IPFSiOS.debug.xcconfig */ = {isa = PBXFileReference; includeInIndex = 1; lastKnownFileType = text.xcconfig; name = "Pods-IPFSiOS.debug.xcconfig"; path = "Pods/Target Support Files/Pods-IPFSiOS/Pods-IPFSiOS.debug.xcconfig"; sourceTree = "<group>"; };
		EB9A369D697BAF048CB1764D /* Pods_IPFSiOS.framework */ = {isa = PBXFileReference; explicitFileType = wrapper.framework; includeInIndex = 0; path = Pods_IPFSiOS.framework; sourceTree = BUILT_PRODUCTS_DIR; };
		F5CD62044485D7D3B4369CF7 /* Pods-IPFSiOSTests.debug.xcconfig */ = {isa = PBXFileReference; includeInIndex = 1; lastKnownFileType = text.xcconfig; name = "Pods-IPFSiOSTests.debug.xcconfig"; path = "Pods/Target Support Files/Pods-IPFSiOSTests/Pods-IPFSiOSTests.debug.xcconfig"; sourceTree = "<group>"; };
		F8DD57AD214C9B0D00BF5E2B /* IPFSiOS.app */ = {isa = PBXFileReference; explicitFileType = wrapper.application; includeInIndex = 0; path = IPFSiOS.app; sourceTree = BUILT_PRODUCTS_DIR; };
		F8DD57B0214C9B0D00BF5E2B /* AppDelegate.swift */ = {isa = PBXFileReference; lastKnownFileType = sourcecode.swift; path = AppDelegate.swift; sourceTree = "<group>"; };
		F8DD57B2214C9B0D00BF5E2B /* ViewController.swift */ = {isa = PBXFileReference; lastKnownFileType = sourcecode.swift; path = ViewController.swift; sourceTree = "<group>"; };
		F8DD57B5214C9B0D00BF5E2B /* Base */ = {isa = PBXFileReference; lastKnownFileType = file.storyboard; name = Base; path = Base.lproj/Main.storyboard; sourceTree = "<group>"; };
		F8DD57B7214C9B0E00BF5E2B /* Assets.xcassets */ = {isa = PBXFileReference; lastKnownFileType = folder.assetcatalog; path = Assets.xcassets; sourceTree = "<group>"; };
		F8DD57BA214C9B0E00BF5E2B /* Base */ = {isa = PBXFileReference; lastKnownFileType = file.storyboard; name = Base; path = Base.lproj/LaunchScreen.storyboard; sourceTree = "<group>"; };
		F8DD57BC214C9B0E00BF5E2B /* Info.plist */ = {isa = PBXFileReference; lastKnownFileType = text.plist.xml; path = Info.plist; sourceTree = "<group>"; };
		F8DD57C1214C9B0E00BF5E2B /* IPFSiOSTests.xctest */ = {isa = PBXFileReference; explicitFileType = wrapper.cfbundle; includeInIndex = 0; path = IPFSiOSTests.xctest; sourceTree = BUILT_PRODUCTS_DIR; };
		F8DD57C5214C9B0E00BF5E2B /* IPFSiOSTests.swift */ = {isa = PBXFileReference; lastKnownFileType = sourcecode.swift; path = IPFSiOSTests.swift; sourceTree = "<group>"; };
		F8DD57C7214C9B0E00BF5E2B /* Info.plist */ = {isa = PBXFileReference; lastKnownFileType = text.plist.xml; path = Info.plist; sourceTree = "<group>"; };
/* End PBXFileReference section */

/* Begin PBXFrameworksBuildPhase section */
		F8DD57AA214C9B0D00BF5E2B /* Frameworks */ = {
			isa = PBXFrameworksBuildPhase;
			buildActionMask = 2147483647;
			files = (
				170F3A78AB56DD217B032B30 /* Pods_IPFSiOS.framework in Frameworks */,
			);
			runOnlyForDeploymentPostprocessing = 0;
		};
		F8DD57BE214C9B0E00BF5E2B /* Frameworks */ = {
			isa = PBXFrameworksBuildPhase;
			buildActionMask = 2147483647;
			files = (
				898FD3913BEAF3C17A12B602 /* Pods_IPFSiOSTests.framework in Frameworks */,
			);
			runOnlyForDeploymentPostprocessing = 0;
		};
/* End PBXFrameworksBuildPhase section */

/* Begin PBXGroup section */
		679C70FC56001DC4D3B1125C /* Frameworks */ = {
			isa = PBXGroup;
			children = (
				EB9A369D697BAF048CB1764D /* Pods_IPFSiOS.framework */,
				2FAE941D0B86DB01E8157ABC /* Pods_IPFSiOSTests.framework */,
			);
			name = Frameworks;
			sourceTree = "<group>";
		};
		89C0D7EF13401E8C7863179D /* Pods */ = {
			isa = PBXGroup;
			children = (
				E35923C9A99DAB76BD6D3EF7 /* Pods-IPFSiOS.debug.xcconfig */,
				647E83BCB0E5E2078E06F412 /* Pods-IPFSiOS.release.xcconfig */,
				F5CD62044485D7D3B4369CF7 /* Pods-IPFSiOSTests.debug.xcconfig */,
				765800891889FBF96912A13A /* Pods-IPFSiOSTests.release.xcconfig */,
			);
			name = Pods;
			sourceTree = "<group>";
		};
		F8DD57A4214C9B0D00BF5E2B = {
			isa = PBXGroup;
			children = (
				F8DD57AF214C9B0D00BF5E2B /* IPFSiOS */,
				F8DD57C4214C9B0E00BF5E2B /* IPFSiOSTests */,
				F8DD57AE214C9B0D00BF5E2B /* Products */,
				89C0D7EF13401E8C7863179D /* Pods */,
				679C70FC56001DC4D3B1125C /* Frameworks */,
			);
			sourceTree = "<group>";
		};
		F8DD57AE214C9B0D00BF5E2B /* Products */ = {
			isa = PBXGroup;
			children = (
				F8DD57AD214C9B0D00BF5E2B /* IPFSiOS.app */,
				F8DD57C1214C9B0E00BF5E2B /* IPFSiOSTests.xctest */,
			);
			name = Products;
			sourceTree = "<group>";
		};
		F8DD57AF214C9B0D00BF5E2B /* IPFSiOS */ = {
			isa = PBXGroup;
			children = (
				F8DD57B0214C9B0D00BF5E2B /* AppDelegate.swift */,
				F8DD57B2214C9B0D00BF5E2B /* ViewController.swift */,
				F8DD57B4214C9B0D00BF5E2B /* Main.storyboard */,
				F8DD57B7214C9B0E00BF5E2B /* Assets.xcassets */,
				F8DD57B9214C9B0E00BF5E2B /* LaunchScreen.storyboard */,
				F8DD57BC214C9B0E00BF5E2B /* Info.plist */,
			);
			path = IPFSiOS;
			sourceTree = "<group>";
		};
		F8DD57C4214C9B0E00BF5E2B /* IPFSiOSTests */ = {
			isa = PBXGroup;
			children = (
				F8DD57C5214C9B0E00BF5E2B /* IPFSiOSTests.swift */,
				F8DD57C7214C9B0E00BF5E2B /* Info.plist */,
			);
			path = IPFSiOSTests;
			sourceTree = "<group>";
		};
/* End PBXGroup section */

/* Begin PBXNativeTarget section */
		F8DD57AC214C9B0D00BF5E2B /* IPFSiOS */ = {
			isa = PBXNativeTarget;
			buildConfigurationList = F8DD57CA214C9B0E00BF5E2B /* Build configuration list for PBXNativeTarget "IPFSiOS" */;
			buildPhases = (
				4B11AF55966BCE55B757DBF4 /* [CP] Check Pods Manifest.lock */,
				F8DD57A9214C9B0D00BF5E2B /* Sources */,
				F8DD57AA214C9B0D00BF5E2B /* Frameworks */,
				F8DD57AB214C9B0D00BF5E2B /* Resources */,
				6CBFD5897462AF5F5F1CB7A4 /* [CP] Embed Pods Frameworks */,
			);
			buildRules = (
			);
			dependencies = (
			);
			name = IPFSiOS;
			productName = IPFSiOS;
			productReference = F8DD57AD214C9B0D00BF5E2B /* IPFSiOS.app */;
			productType = "com.apple.product-type.application";
		};
		F8DD57C0214C9B0E00BF5E2B /* IPFSiOSTests */ = {
			isa = PBXNativeTarget;
			buildConfigurationList = F8DD57CD214C9B0E00BF5E2B /* Build configuration list for PBXNativeTarget "IPFSiOSTests" */;
			buildPhases = (
				05B31E8E2B1EB7A47EF2D88E /* [CP] Check Pods Manifest.lock */,
				F8DD57BD214C9B0E00BF5E2B /* Sources */,
				F8DD57BE214C9B0E00BF5E2B /* Frameworks */,
				F8DD57BF214C9B0E00BF5E2B /* Resources */,
			);
			buildRules = (
			);
			dependencies = (
				F8DD57C3214C9B0E00BF5E2B /* PBXTargetDependency */,
			);
			name = IPFSiOSTests;
			productName = IPFSiOSTests;
			productReference = F8DD57C1214C9B0E00BF5E2B /* IPFSiOSTests.xctest */;
			productType = "com.apple.product-type.bundle.unit-test";
		};
/* End PBXNativeTarget section */

/* Begin PBXProject section */
		F8DD57A5214C9B0D00BF5E2B /* Project object */ = {
			isa = PBXProject;
			attributes = {
				LastSwiftUpdateCheck = 0940;
				LastUpgradeCheck = 0940;
				ORGANIZATIONNAME = com.nz.IPFS;
				TargetAttributes = {
					F8DD57AC214C9B0D00BF5E2B = {
						CreatedOnToolsVersion = 9.4.1;
					};
					F8DD57C0214C9B0E00BF5E2B = {
						CreatedOnToolsVersion = 9.4.1;
						TestTargetID = F8DD57AC214C9B0D00BF5E2B;
					};
				};
			};
			buildConfigurationList = F8DD57A8214C9B0D00BF5E2B /* Build configuration list for PBXProject "IPFSiOS" */;
			compatibilityVersion = "Xcode 9.3";
			developmentRegion = en;
			hasScannedForEncodings = 0;
			knownRegions = (
				en,
				Base,
			);
			mainGroup = F8DD57A4214C9B0D00BF5E2B;
			productRefGroup = F8DD57AE214C9B0D00BF5E2B /* Products */;
			projectDirPath = "";
			projectRoot = "";
			targets = (
				F8DD57AC214C9B0D00BF5E2B /* IPFSiOS */,
				F8DD57C0214C9B0E00BF5E2B /* IPFSiOSTests */,
			);
		};
/* End PBXProject section */

/* Begin PBXResourcesBuildPhase section */
		F8DD57AB214C9B0D00BF5E2B /* Resources */ = {
			isa = PBXResourcesBuildPhase;
			buildActionMask = 2147483647;
			files = (
				F8DD57BB214C9B0E00BF5E2B /* LaunchScreen.storyboard in Resources */,
				F8DD57B8214C9B0E00BF5E2B /* Assets.xcassets in Resources */,
				F8DD57B6214C9B0D00BF5E2B /* Main.storyboard in Resources */,
			);
			runOnlyForDeploymentPostprocessing = 0;
		};
		F8DD57BF214C9B0E00BF5E2B /* Resources */ = {
			isa = PBXResourcesBuildPhase;
			buildActionMask = 2147483647;
			files = (
			);
			runOnlyForDeploymentPostprocessing = 0;
		};
/* End PBXResourcesBuildPhase section */

/* Begin PBXShellScriptBuildPhase section */
		05B31E8E2B1EB7A47EF2D88E /* [CP] Check Pods Manifest.lock */ = {
			isa = PBXShellScriptBuildPhase;
			buildActionMask = 2147483647;
			files = (
			);
			inputFileListPaths = (
			);
			inputPaths = (
				"${PODS_PODFILE_DIR_PATH}/Podfile.lock",
				"${PODS_ROOT}/Manifest.lock",
			);
			name = "[CP] Check Pods Manifest.lock";
			outputFileListPaths = (
			);
			outputPaths = (
				"$(DERIVED_FILE_DIR)/Pods-IPFSiOSTests-checkManifestLockResult.txt",
			);
			runOnlyForDeploymentPostprocessing = 0;
			shellPath = /bin/sh;
			shellScript = "diff \"${PODS_PODFILE_DIR_PATH}/Podfile.lock\" \"${PODS_ROOT}/Manifest.lock\" > /dev/null\nif [ $? != 0 ] ; then\n    # print error to STDERR\n    echo \"error: The sandbox is not in sync with the Podfile.lock. Run 'pod install' or update your CocoaPods installation.\" >&2\n    exit 1\nfi\n# This output is used by Xcode 'outputs' to avoid re-running this script phase.\necho \"SUCCESS\" > \"${SCRIPT_OUTPUT_FILE_0}\"\n";
			showEnvVarsInLog = 0;
		};
		4B11AF55966BCE55B757DBF4 /* [CP] Check Pods Manifest.lock */ = {
			isa = PBXShellScriptBuildPhase;
			buildActionMask = 2147483647;
			files = (
			);
			inputFileListPaths = (
			);
			inputPaths = (
				"${PODS_PODFILE_DIR_PATH}/Podfile.lock",
				"${PODS_ROOT}/Manifest.lock",
			);
			name = "[CP] Check Pods Manifest.lock";
			outputFileListPaths = (
			);
			outputPaths = (
				"$(DERIVED_FILE_DIR)/Pods-IPFSiOS-checkManifestLockResult.txt",
			);
			runOnlyForDeploymentPostprocessing = 0;
			shellPath = /bin/sh;
			shellScript = "diff \"${PODS_PODFILE_DIR_PATH}/Podfile.lock\" \"${PODS_ROOT}/Manifest.lock\" > /dev/null\nif [ $? != 0 ] ; then\n    # print error to STDERR\n    echo \"error: The sandbox is not in sync with the Podfile.lock. Run 'pod install' or update your CocoaPods installation.\" >&2\n    exit 1\nfi\n# This output is used by Xcode 'outputs' to avoid re-running this script phase.\necho \"SUCCESS\" > \"${SCRIPT_OUTPUT_FILE_0}\"\n";
			showEnvVarsInLog = 0;
		};
		6CBFD5897462AF5F5F1CB7A4 /* [CP] Embed Pods Frameworks */ = {
			isa = PBXShellScriptBuildPhase;
			buildActionMask = 2147483647;
			files = (
			);
			inputFileListPaths = (
			);
			inputPaths = (
				"${SRCROOT}/Pods/Target Support Files/Pods-IPFSiOS/Pods-IPFSiOS-frameworks.sh",
				"${BUILT_PRODUCTS_DIR}/DoubleConversion/DoubleConversion.framework",
				"${BUILT_PRODUCTS_DIR}/Folly/folly.framework",
				"${BUILT_PRODUCTS_DIR}/React/React.framework",
				"${BUILT_PRODUCTS_DIR}/glog/glog.framework",
				"${BUILT_PRODUCTS_DIR}/yoga/yoga.framework",
			);
			name = "[CP] Embed Pods Frameworks";
			outputFileListPaths = (
			);
			outputPaths = (
				"${TARGET_BUILD_DIR}/${FRAMEWORKS_FOLDER_PATH}/DoubleConversion.framework",
				"${TARGET_BUILD_DIR}/${FRAMEWORKS_FOLDER_PATH}/folly.framework",
				"${TARGET_BUILD_DIR}/${FRAMEWORKS_FOLDER_PATH}/React.framework",
				"${TARGET_BUILD_DIR}/${FRAMEWORKS_FOLDER_PATH}/glog.framework",
				"${TARGET_BUILD_DIR}/${FRAMEWORKS_FOLDER_PATH}/yoga.framework",
			);
			runOnlyForDeploymentPostprocessing = 0;
			shellPath = /bin/sh;
			shellScript = "\"${SRCROOT}/Pods/Target Support Files/Pods-IPFSiOS/Pods-IPFSiOS-frameworks.sh\"\n";
			showEnvVarsInLog = 0;
		};
/* End PBXShellScriptBuildPhase section */

/* Begin PBXSourcesBuildPhase section */
		F8DD57A9214C9B0D00BF5E2B /* Sources */ = {
			isa = PBXSourcesBuildPhase;
			buildActionMask = 2147483647;
			files = (
				F8DD57B3214C9B0D00BF5E2B /* ViewController.swift in Sources */,
				F8DD57B1214C9B0D00BF5E2B /* AppDelegate.swift in Sources */,
			);
			runOnlyForDeploymentPostprocessing = 0;
		};
		F8DD57BD214C9B0E00BF5E2B /* Sources */ = {
			isa = PBXSourcesBuildPhase;
			buildActionMask = 2147483647;
			files = (
				F8DD57C6214C9B0E00BF5E2B /* IPFSiOSTests.swift in Sources */,
			);
			runOnlyForDeploymentPostprocessing = 0;
		};
/* End PBXSourcesBuildPhase section */

/* Begin PBXTargetDependency section */
		F8DD57C3214C9B0E00BF5E2B /* PBXTargetDependency */ = {
			isa = PBXTargetDependency;
			target = F8DD57AC214C9B0D00BF5E2B /* IPFSiOS */;
			targetProxy = F8DD57C2214C9B0E00BF5E2B /* PBXContainerItemProxy */;
		};
/* End PBXTargetDependency section */

/* Begin PBXVariantGroup section */
		F8DD57B4214C9B0D00BF5E2B /* Main.storyboard */ = {
			isa = PBXVariantGroup;
			children = (
				F8DD57B5214C9B0D00BF5E2B /* Base */,
			);
			name = Main.storyboard;
			sourceTree = "<group>";
		};
		F8DD57B9214C9B0E00BF5E2B /* LaunchScreen.storyboard */ = {
			isa = PBXVariantGroup;
			children = (
				F8DD57BA214C9B0E00BF5E2B /* Base */,
			);
			name = LaunchScreen.storyboard;
			sourceTree = "<group>";
		};
/* End PBXVariantGroup section */

/* Begin XCBuildConfiguration section */
		F8DD57C8214C9B0E00BF5E2B /* Debug */ = {
			isa = XCBuildConfiguration;
			buildSettings = {
				ALWAYS_SEARCH_USER_PATHS = NO;
				CLANG_ANALYZER_NONNULL = YES;
				CLANG_ANALYZER_NUMBER_OBJECT_CONVERSION = YES_AGGRESSIVE;
				CLANG_CXX_LANGUAGE_STANDARD = "gnu++14";
				CLANG_CXX_LIBRARY = "libc++";
				CLANG_ENABLE_MODULES = YES;
				CLANG_ENABLE_OBJC_ARC = YES;
				CLANG_ENABLE_OBJC_WEAK = YES;
				CLANG_WARN_BLOCK_CAPTURE_AUTORELEASING = YES;
				CLANG_WARN_BOOL_CONVERSION = YES;
				CLANG_WARN_COMMA = YES;
				CLANG_WARN_CONSTANT_CONVERSION = YES;
				CLANG_WARN_DEPRECATED_OBJC_IMPLEMENTATIONS = YES;
				CLANG_WARN_DIRECT_OBJC_ISA_USAGE = YES_ERROR;
				CLANG_WARN_DOCUMENTATION_COMMENTS = YES;
				CLANG_WARN_EMPTY_BODY = YES;
				CLANG_WARN_ENUM_CONVERSION = YES;
				CLANG_WARN_INFINITE_RECURSION = YES;
				CLANG_WARN_INT_CONVERSION = YES;
				CLANG_WARN_NON_LITERAL_NULL_CONVERSION = YES;
				CLANG_WARN_OBJC_IMPLICIT_RETAIN_SELF = YES;
				CLANG_WARN_OBJC_LITERAL_CONVERSION = YES;
				CLANG_WARN_OBJC_ROOT_CLASS = YES_ERROR;
				CLANG_WARN_RANGE_LOOP_ANALYSIS = YES;
				CLANG_WARN_STRICT_PROTOTYPES = YES;
				CLANG_WARN_SUSPICIOUS_MOVE = YES;
				CLANG_WARN_UNGUARDED_AVAILABILITY = YES_AGGRESSIVE;
				CLANG_WARN_UNREACHABLE_CODE = YES;
				CLANG_WARN__DUPLICATE_METHOD_MATCH = YES;
				CODE_SIGN_IDENTITY = "iPhone Developer";
				COPY_PHASE_STRIP = NO;
				DEBUG_INFORMATION_FORMAT = dwarf;
				ENABLE_STRICT_OBJC_MSGSEND = YES;
				ENABLE_TESTABILITY = YES;
				GCC_C_LANGUAGE_STANDARD = gnu11;
				GCC_DYNAMIC_NO_PIC = NO;
				GCC_NO_COMMON_BLOCKS = YES;
				GCC_OPTIMIZATION_LEVEL = 0;
				GCC_PREPROCESSOR_DEFINITIONS = (
					"DEBUG=1",
					"$(inherited)",
				);
				GCC_WARN_64_TO_32_BIT_CONVERSION = YES;
				GCC_WARN_ABOUT_RETURN_TYPE = YES_ERROR;
				GCC_WARN_UNDECLARED_SELECTOR = YES;
				GCC_WARN_UNINITIALIZED_AUTOS = YES_AGGRESSIVE;
				GCC_WARN_UNUSED_FUNCTION = YES;
				GCC_WARN_UNUSED_VARIABLE = YES;
				IPHONEOS_DEPLOYMENT_TARGET = 11.4;
				MTL_ENABLE_DEBUG_INFO = YES;
				ONLY_ACTIVE_ARCH = YES;
				SDKROOT = iphoneos;
				SWIFT_ACTIVE_COMPILATION_CONDITIONS = DEBUG;
				SWIFT_OPTIMIZATION_LEVEL = "-Onone";
			};
			name = Debug;
		};
		F8DD57C9214C9B0E00BF5E2B /* Release */ = {
			isa = XCBuildConfiguration;
			buildSettings = {
				ALWAYS_SEARCH_USER_PATHS = NO;
				CLANG_ANALYZER_NONNULL = YES;
				CLANG_ANALYZER_NUMBER_OBJECT_CONVERSION = YES_AGGRESSIVE;
				CLANG_CXX_LANGUAGE_STANDARD = "gnu++14";
				CLANG_CXX_LIBRARY = "libc++";
				CLANG_ENABLE_MODULES = YES;
				CLANG_ENABLE_OBJC_ARC = YES;
				CLANG_ENABLE_OBJC_WEAK = YES;
				CLANG_WARN_BLOCK_CAPTURE_AUTORELEASING = YES;
				CLANG_WARN_BOOL_CONVERSION = YES;
				CLANG_WARN_COMMA = YES;
				CLANG_WARN_CONSTANT_CONVERSION = YES;
				CLANG_WARN_DEPRECATED_OBJC_IMPLEMENTATIONS = YES;
				CLANG_WARN_DIRECT_OBJC_ISA_USAGE = YES_ERROR;
				CLANG_WARN_DOCUMENTATION_COMMENTS = YES;
				CLANG_WARN_EMPTY_BODY = YES;
				CLANG_WARN_ENUM_CONVERSION = YES;
				CLANG_WARN_INFINITE_RECURSION = YES;
				CLANG_WARN_INT_CONVERSION = YES;
				CLANG_WARN_NON_LITERAL_NULL_CONVERSION = YES;
				CLANG_WARN_OBJC_IMPLICIT_RETAIN_SELF = YES;
				CLANG_WARN_OBJC_LITERAL_CONVERSION = YES;
				CLANG_WARN_OBJC_ROOT_CLASS = YES_ERROR;
				CLANG_WARN_RANGE_LOOP_ANALYSIS = YES;
				CLANG_WARN_STRICT_PROTOTYPES = YES;
				CLANG_WARN_SUSPICIOUS_MOVE = YES;
				CLANG_WARN_UNGUARDED_AVAILABILITY = YES_AGGRESSIVE;
				CLANG_WARN_UNREACHABLE_CODE = YES;
				CLANG_WARN__DUPLICATE_METHOD_MATCH = YES;
				CODE_SIGN_IDENTITY = "iPhone Developer";
				COPY_PHASE_STRIP = NO;
				DEBUG_INFORMATION_FORMAT = "dwarf-with-dsym";
				ENABLE_NS_ASSERTIONS = NO;
				ENABLE_STRICT_OBJC_MSGSEND = YES;
				GCC_C_LANGUAGE_STANDARD = gnu11;
				GCC_NO_COMMON_BLOCKS = YES;
				GCC_WARN_64_TO_32_BIT_CONVERSION = YES;
				GCC_WARN_ABOUT_RETURN_TYPE = YES_ERROR;
				GCC_WARN_UNDECLARED_SELECTOR = YES;
				GCC_WARN_UNINITIALIZED_AUTOS = YES_AGGRESSIVE;
				GCC_WARN_UNUSED_FUNCTION = YES;
				GCC_WARN_UNUSED_VARIABLE = YES;
				IPHONEOS_DEPLOYMENT_TARGET = 11.4;
				MTL_ENABLE_DEBUG_INFO = NO;
				SDKROOT = iphoneos;
				SWIFT_COMPILATION_MODE = wholemodule;
				SWIFT_OPTIMIZATION_LEVEL = "-O";
				VALIDATE_PRODUCT = YES;
			};
			name = Release;
		};
		F8DD57CB214C9B0E00BF5E2B /* Debug */ = {
			isa = XCBuildConfiguration;
			baseConfigurationReference = E35923C9A99DAB76BD6D3EF7 /* Pods-IPFSiOS.debug.xcconfig */;
			buildSettings = {
				ASSETCATALOG_COMPILER_APPICON_NAME = AppIcon;
				CODE_SIGN_STYLE = Automatic;
				INFOPLIST_FILE = IPFSiOS/Info.plist;
				IPHONEOS_DEPLOYMENT_TARGET = 10.0;
				LD_RUNPATH_SEARCH_PATHS = (
					"$(inherited)",
					"@executable_path/Frameworks",
				);
				PRODUCT_BUNDLE_IDENTIFIER = com.nz.harry.IPFSiOS;
				PRODUCT_NAME = "$(TARGET_NAME)";
				SWIFT_VERSION = 4.0;
				TARGETED_DEVICE_FAMILY = "1,2";
			};
			name = Debug;
		};
		F8DD57CC214C9B0E00BF5E2B /* Release */ = {
			isa = XCBuildConfiguration;
			baseConfigurationReference = 647E83BCB0E5E2078E06F412 /* Pods-IPFSiOS.release.xcconfig */;
			buildSettings = {
				ASSETCATALOG_COMPILER_APPICON_NAME = AppIcon;
				CODE_SIGN_STYLE = Automatic;
				INFOPLIST_FILE = IPFSiOS/Info.plist;
				IPHONEOS_DEPLOYMENT_TARGET = 10.0;
				LD_RUNPATH_SEARCH_PATHS = (
					"$(inherited)",
					"@executable_path/Frameworks",
				);
				PRODUCT_BUNDLE_IDENTIFIER = com.nz.harry.IPFSiOS;
				PRODUCT_NAME = "$(TARGET_NAME)";
				SWIFT_VERSION = 4.0;
				TARGETED_DEVICE_FAMILY = "1,2";
			};
			name = Release;
		};
		F8DD57CE214C9B0E00BF5E2B /* Debug */ = {
			isa = XCBuildConfiguration;
			baseConfigurationReference = F5CD62044485D7D3B4369CF7 /* Pods-IPFSiOSTests.debug.xcconfig */;
			buildSettings = {
				ALWAYS_EMBED_SWIFT_STANDARD_LIBRARIES = YES;
				BUNDLE_LOADER = "$(TEST_HOST)";
				CODE_SIGN_STYLE = Automatic;
				INFOPLIST_FILE = IPFSiOSTests/Info.plist;
				LD_RUNPATH_SEARCH_PATHS = (
					"$(inherited)",
					"@executable_path/Frameworks",
					"@loader_path/Frameworks",
				);
				PRODUCT_BUNDLE_IDENTIFIER = com.nz.harry.IPFSiOSTests;
				PRODUCT_NAME = "$(TARGET_NAME)";
				SWIFT_VERSION = 4.0;
				TARGETED_DEVICE_FAMILY = "1,2";
				TEST_HOST = "$(BUILT_PRODUCTS_DIR)/IPFSiOS.app/IPFSiOS";
			};
			name = Debug;
		};
		F8DD57CF214C9B0E00BF5E2B /* Release */ = {
			isa = XCBuildConfiguration;
			baseConfigurationReference = 765800891889FBF96912A13A /* Pods-IPFSiOSTests.release.xcconfig */;
			buildSettings = {
				ALWAYS_EMBED_SWIFT_STANDARD_LIBRARIES = YES;
				BUNDLE_LOADER = "$(TEST_HOST)";
				CODE_SIGN_STYLE = Automatic;
				INFOPLIST_FILE = IPFSiOSTests/Info.plist;
				LD_RUNPATH_SEARCH_PATHS = (
					"$(inherited)",
					"@executable_path/Frameworks",
					"@loader_path/Frameworks",
				);
				PRODUCT_BUNDLE_IDENTIFIER = com.nz.harry.IPFSiOSTests;
				PRODUCT_NAME = "$(TARGET_NAME)";
				SWIFT_VERSION = 4.0;
				TARGETED_DEVICE_FAMILY = "1,2";
				TEST_HOST = "$(BUILT_PRODUCTS_DIR)/IPFSiOS.app/IPFSiOS";
			};
			name = Release;
		};
/* End XCBuildConfiguration section */

/* Begin XCConfigurationList section */
		F8DD57A8214C9B0D00BF5E2B /* Build configuration list for PBXProject "IPFSiOS" */ = {
			isa = XCConfigurationList;
			buildConfigurations = (
				F8DD57C8214C9B0E00BF5E2B /* Debug */,
				F8DD57C9214C9B0E00BF5E2B /* Release */,
			);
			defaultConfigurationIsVisible = 0;
			defaultConfigurationName = Release;
		};
		F8DD57CA214C9B0E00BF5E2B /* Build configuration list for PBXNativeTarget "IPFSiOS" */ = {
			isa = XCConfigurationList;
			buildConfigurations = (
				F8DD57CB214C9B0E00BF5E2B /* Debug */,
				F8DD57CC214C9B0E00BF5E2B /* Release */,
			);
			defaultConfigurationIsVisible = 0;
			defaultConfigurationName = Release;
		};
		F8DD57CD214C9B0E00BF5E2B /* Build configuration list for PBXNativeTarget "IPFSiOSTests" */ = {
			isa = XCConfigurationList;
			buildConfigurations = (
				F8DD57CE214C9B0E00BF5E2B /* Debug */,
				F8DD57CF214C9B0E00BF5E2B /* Release */,
			);
			defaultConfigurationIsVisible = 0;
			defaultConfigurationName = Release;
		};
/* End XCConfigurationList section */
	};
	rootObject = F8DD57A5214C9B0D00BF5E2B /* Project object */;
}
