// !$*UTF8*$!
{
	archiveVersion = 1;
	classes = {
	};
	objectVersion = 50;
	objects = {

/* Begin PBXBuildFile section */
		F826F74E214D130B006E9E4C /* Pods_IPFSiOS.framework in Frameworks */ = {isa = PBXBuildFile; fileRef = F826F74D214D130B006E9E4C /* Pods_IPFSiOS.framework */; };
		F85C00E8214CD1FF00D98352 /* AppDelegate.swift in Sources */ = {isa = PBXBuildFile; fileRef = F85C00E7214CD1FF00D98352 /* AppDelegate.swift */; };
		F85C00ED214CD1FF00D98352 /* Main.storyboard in Resources */ = {isa = PBXBuildFile; fileRef = F85C00EB214CD1FF00D98352 /* Main.storyboard */; };
		F85C00EF214CD20000D98352 /* Assets.xcassets in Resources */ = {isa = PBXBuildFile; fileRef = F85C00EE214CD20000D98352 /* Assets.xcassets */; };
		F85C00F2214CD20000D98352 /* LaunchScreen.storyboard in Resources */ = {isa = PBXBuildFile; fileRef = F85C00F0214CD20000D98352 /* LaunchScreen.storyboard */; };
		F85C00FD214CD3D200D98352 /* SwiftReactNativeBridge.m in Sources */ = {isa = PBXBuildFile; fileRef = F85C00FC214CD3D200D98352 /* SwiftReactNativeBridge.m */; };
		F85C0108214CFFAB00D98352 /* Upload.swift in Sources */ = {isa = PBXBuildFile; fileRef = F85C0107214CFFAB00D98352 /* Upload.swift */; };
		F85C0135214D058400D98352 /* HomeViewController.swift in Sources */ = {isa = PBXBuildFile; fileRef = F85C0134214D058400D98352 /* HomeViewController.swift */; };
		F87C9AAF214D1EDA009967AA /* Pods_IPFSiOS.framework in Embed Frameworks */ = {isa = PBXBuildFile; fileRef = F826F74D214D130B006E9E4C /* Pods_IPFSiOS.framework */; settings = {ATTRIBUTES = (CodeSignOnCopy, RemoveHeadersOnCopy, ); }; };
		F87C9AB3214D1F0B009967AA /* IPFSClient.framework in Frameworks */ = {isa = PBXBuildFile; fileRef = F87C9AAC214D1E90009967AA /* IPFSClient.framework */; };
		F87C9AB4214D1F0B009967AA /* IPFSClient.framework in Embed Frameworks */ = {isa = PBXBuildFile; fileRef = F87C9AAC214D1E90009967AA /* IPFSClient.framework */; settings = {ATTRIBUTES = (CodeSignOnCopy, RemoveHeadersOnCopy, ); }; };
		F87C9AB5214D1F0B009967AA /* SwiftBase58.framework in Frameworks */ = {isa = PBXBuildFile; fileRef = F87C9A9F214D1E7F009967AA /* SwiftBase58.framework */; };
		F87C9AB6214D1F0B009967AA /* SwiftBase58.framework in Embed Frameworks */ = {isa = PBXBuildFile; fileRef = F87C9A9F214D1E7F009967AA /* SwiftBase58.framework */; settings = {ATTRIBUTES = (CodeSignOnCopy, RemoveHeadersOnCopy, ); }; };
		F87C9AB7214D1F0B009967AA /* SwiftGMP.framework in Frameworks */ = {isa = PBXBuildFile; fileRef = F87C9AA0214D1E7F009967AA /* SwiftGMP.framework */; };
		F87C9AB8214D1F0B009967AA /* SwiftGMP.framework in Embed Frameworks */ = {isa = PBXBuildFile; fileRef = F87C9AA0214D1E7F009967AA /* SwiftGMP.framework */; settings = {ATTRIBUTES = (CodeSignOnCopy, RemoveHeadersOnCopy, ); }; };
		F87C9AB9214D1F0B009967AA /* SwiftHex.framework in Frameworks */ = {isa = PBXBuildFile; fileRef = F87C9A9E214D1E7F009967AA /* SwiftHex.framework */; };
		F87C9ABA214D1F0B009967AA /* SwiftHex.framework in Embed Frameworks */ = {isa = PBXBuildFile; fileRef = F87C9A9E214D1E7F009967AA /* SwiftHex.framework */; settings = {ATTRIBUTES = (CodeSignOnCopy, RemoveHeadersOnCopy, ); }; };
		F87C9ABB214D1F0B009967AA /* SwiftIpfsApi.framework in Frameworks */ = {isa = PBXBuildFile; fileRef = F87C9AA2214D1E7F009967AA /* SwiftIpfsApi.framework */; };
		F87C9ABC214D1F0B009967AA /* SwiftIpfsApi.framework in Embed Frameworks */ = {isa = PBXBuildFile; fileRef = F87C9AA2214D1E7F009967AA /* SwiftIpfsApi.framework */; settings = {ATTRIBUTES = (CodeSignOnCopy, RemoveHeadersOnCopy, ); }; };
		F87C9ABD214D1F0B009967AA /* SwiftMultiaddr.framework in Frameworks */ = {isa = PBXBuildFile; fileRef = F87C9AA3214D1E7F009967AA /* SwiftMultiaddr.framework */; };
		F87C9ABE214D1F0B009967AA /* SwiftMultiaddr.framework in Embed Frameworks */ = {isa = PBXBuildFile; fileRef = F87C9AA3214D1E7F009967AA /* SwiftMultiaddr.framework */; settings = {ATTRIBUTES = (CodeSignOnCopy, RemoveHeadersOnCopy, ); }; };
		F87C9ABF214D1F0B009967AA /* SwiftMultihash.framework in Frameworks */ = {isa = PBXBuildFile; fileRef = F87C9AA4214D1E7F009967AA /* SwiftMultihash.framework */; };
		F87C9AC0214D1F0B009967AA /* SwiftMultihash.framework in Embed Frameworks */ = {isa = PBXBuildFile; fileRef = F87C9AA4214D1E7F009967AA /* SwiftMultihash.framework */; settings = {ATTRIBUTES = (CodeSignOnCopy, RemoveHeadersOnCopy, ); }; };
		F87C9AC1214D1F0B009967AA /* VarInt.framework in Frameworks */ = {isa = PBXBuildFile; fileRef = F87C9AA1214D1E7F009967AA /* VarInt.framework */; };
		F87C9AC2214D1F0B009967AA /* VarInt.framework in Embed Frameworks */ = {isa = PBXBuildFile; fileRef = F87C9AA1214D1E7F009967AA /* VarInt.framework */; settings = {ATTRIBUTES = (CodeSignOnCopy, RemoveHeadersOnCopy, ); }; };
/* End PBXBuildFile section */

/* Begin PBXCopyFilesBuildPhase section */
		F826F752214D136C006E9E4C /* Embed Frameworks */ = {
			isa = PBXCopyFilesBuildPhase;
			buildActionMask = 2147483647;
			dstPath = "";
			dstSubfolderSpec = 10;
			files = (
				F87C9ABC214D1F0B009967AA /* SwiftIpfsApi.framework in Embed Frameworks */,
				F87C9AB4214D1F0B009967AA /* IPFSClient.framework in Embed Frameworks */,
				F87C9AC2214D1F0B009967AA /* VarInt.framework in Embed Frameworks */,
				F87C9AB8214D1F0B009967AA /* SwiftGMP.framework in Embed Frameworks */,
				F87C9ABA214D1F0B009967AA /* SwiftHex.framework in Embed Frameworks */,
				F87C9AAF214D1EDA009967AA /* Pods_IPFSiOS.framework in Embed Frameworks */,
				F87C9AB6214D1F0B009967AA /* SwiftBase58.framework in Embed Frameworks */,
				F87C9ABE214D1F0B009967AA /* SwiftMultiaddr.framework in Embed Frameworks */,
				F87C9AC0214D1F0B009967AA /* SwiftMultihash.framework in Embed Frameworks */,
			);
			name = "Embed Frameworks";
			runOnlyForDeploymentPostprocessing = 0;
		};
/* End PBXCopyFilesBuildPhase section */

/* Begin PBXFileReference section */
		CA720B70721F6134CDE4345E /* Pods-IPFSiOS.debug.xcconfig */ = {isa = PBXFileReference; includeInIndex = 1; lastKnownFileType = text.xcconfig; name = "Pods-IPFSiOS.debug.xcconfig"; path = "Pods/Target Support Files/Pods-IPFSiOS/Pods-IPFSiOS.debug.xcconfig"; sourceTree = "<group>"; };
		F826F74D214D130B006E9E4C /* Pods_IPFSiOS.framework */ = {isa = PBXFileReference; explicitFileType = wrapper.framework; path = Pods_IPFSiOS.framework; sourceTree = BUILT_PRODUCTS_DIR; };
		F85C00E4214CD1FF00D98352 /* IPFSiOS.app */ = {isa = PBXFileReference; explicitFileType = wrapper.application; includeInIndex = 0; path = IPFSiOS.app; sourceTree = BUILT_PRODUCTS_DIR; };
		F85C00E7214CD1FF00D98352 /* AppDelegate.swift */ = {isa = PBXFileReference; lastKnownFileType = sourcecode.swift; path = AppDelegate.swift; sourceTree = "<group>"; };
		F85C00EC214CD1FF00D98352 /* Base */ = {isa = PBXFileReference; lastKnownFileType = file.storyboard; name = Base; path = Base.lproj/Main.storyboard; sourceTree = "<group>"; };
		F85C00EE214CD20000D98352 /* Assets.xcassets */ = {isa = PBXFileReference; lastKnownFileType = folder.assetcatalog; path = Assets.xcassets; sourceTree = "<group>"; };
		F85C00F1214CD20000D98352 /* Base */ = {isa = PBXFileReference; lastKnownFileType = file.storyboard; name = Base; path = Base.lproj/LaunchScreen.storyboard; sourceTree = "<group>"; };
		F85C00F3214CD20000D98352 /* Info.plist */ = {isa = PBXFileReference; lastKnownFileType = text.plist.xml; path = Info.plist; sourceTree = "<group>"; };
		F85C00FA214CD3D200D98352 /* IPFSiOS-Bridging-Header.h */ = {isa = PBXFileReference; lastKnownFileType = sourcecode.c.h; path = "IPFSiOS-Bridging-Header.h"; sourceTree = "<group>"; };
		F85C00FC214CD3D200D98352 /* SwiftReactNativeBridge.m */ = {isa = PBXFileReference; lastKnownFileType = sourcecode.c.objc; path = SwiftReactNativeBridge.m; sourceTree = "<group>"; };
		F85C0107214CFFAB00D98352 /* Upload.swift */ = {isa = PBXFileReference; lastKnownFileType = sourcecode.swift; path = Upload.swift; sourceTree = "<group>"; };
		F85C0134214D058400D98352 /* HomeViewController.swift */ = {isa = PBXFileReference; fileEncoding = 4; lastKnownFileType = sourcecode.swift; path = HomeViewController.swift; sourceTree = "<group>"; };
		F87C9A9E214D1E7F009967AA /* SwiftHex.framework */ = {isa = PBXFileReference; lastKnownFileType = wrapper.framework; name = SwiftHex.framework; path = IPFSClient/Carthage/Build/iOS/SwiftHex.framework; sourceTree = "<group>"; };
		F87C9A9F214D1E7F009967AA /* SwiftBase58.framework */ = {isa = PBXFileReference; lastKnownFileType = wrapper.framework; name = SwiftBase58.framework; path = IPFSClient/Carthage/Build/iOS/SwiftBase58.framework; sourceTree = "<group>"; };
		F87C9AA0214D1E7F009967AA /* SwiftGMP.framework */ = {isa = PBXFileReference; lastKnownFileType = wrapper.framework; name = SwiftGMP.framework; path = IPFSClient/Carthage/Build/iOS/SwiftGMP.framework; sourceTree = "<group>"; };
		F87C9AA1214D1E7F009967AA /* VarInt.framework */ = {isa = PBXFileReference; lastKnownFileType = wrapper.framework; name = VarInt.framework; path = IPFSClient/Carthage/Build/iOS/VarInt.framework; sourceTree = "<group>"; };
		F87C9AA2214D1E7F009967AA /* SwiftIpfsApi.framework */ = {isa = PBXFileReference; lastKnownFileType = wrapper.framework; name = SwiftIpfsApi.framework; path = IPFSClient/Carthage/Build/iOS/SwiftIpfsApi.framework; sourceTree = "<group>"; };
		F87C9AA3214D1E7F009967AA /* SwiftMultiaddr.framework */ = {isa = PBXFileReference; lastKnownFileType = wrapper.framework; name = SwiftMultiaddr.framework; path = IPFSClient/Carthage/Build/iOS/SwiftMultiaddr.framework; sourceTree = "<group>"; };
		F87C9AA4214D1E7F009967AA /* SwiftMultihash.framework */ = {isa = PBXFileReference; lastKnownFileType = wrapper.framework; name = SwiftMultihash.framework; path = IPFSClient/Carthage/Build/iOS/SwiftMultihash.framework; sourceTree = "<group>"; };
		F87C9AAC214D1E90009967AA /* IPFSClient.framework */ = {isa = PBXFileReference; lastKnownFileType = wrapper.framework; name = IPFSClient.framework; path = IPFSClient/Products/IPFSClient.framework; sourceTree = "<group>"; };
		FC6E50D11EBFE36CCD771B4F /* Pods-IPFSiOS.release.xcconfig */ = {isa = PBXFileReference; includeInIndex = 1; lastKnownFileType = text.xcconfig; name = "Pods-IPFSiOS.release.xcconfig"; path = "Pods/Target Support Files/Pods-IPFSiOS/Pods-IPFSiOS.release.xcconfig"; sourceTree = "<group>"; };
/* End PBXFileReference section */

/* Begin PBXFrameworksBuildPhase section */
		F85C00E1214CD1FF00D98352 /* Frameworks */ = {
			isa = PBXFrameworksBuildPhase;
			buildActionMask = 2147483647;
			files = (
				F87C9ABB214D1F0B009967AA /* SwiftIpfsApi.framework in Frameworks */,
				F87C9AB3214D1F0B009967AA /* IPFSClient.framework in Frameworks */,
				F87C9AC1214D1F0B009967AA /* VarInt.framework in Frameworks */,
				F87C9AB7214D1F0B009967AA /* SwiftGMP.framework in Frameworks */,
				F87C9AB9214D1F0B009967AA /* SwiftHex.framework in Frameworks */,
				F826F74E214D130B006E9E4C /* Pods_IPFSiOS.framework in Frameworks */,
				F87C9AB5214D1F0B009967AA /* SwiftBase58.framework in Frameworks */,
				F87C9ABD214D1F0B009967AA /* SwiftMultiaddr.framework in Frameworks */,
				F87C9ABF214D1F0B009967AA /* SwiftMultihash.framework in Frameworks */,
			);
			runOnlyForDeploymentPostprocessing = 0;
		};
/* End PBXFrameworksBuildPhase section */

/* Begin PBXGroup section */
		3B728CC848D9243A7AFAF8B2 /* Pods */ = {
			isa = PBXGroup;
			children = (
				CA720B70721F6134CDE4345E /* Pods-IPFSiOS.debug.xcconfig */,
				FC6E50D11EBFE36CCD771B4F /* Pods-IPFSiOS.release.xcconfig */,
			);
			name = Pods;
			sourceTree = "<group>";
		};
		6E68E281643EBD953EC74546 /* Frameworks */ = {
			isa = PBXGroup;
			children = (
				F87C9AAC214D1E90009967AA /* IPFSClient.framework */,
				F87C9A9F214D1E7F009967AA /* SwiftBase58.framework */,
				F87C9AA0214D1E7F009967AA /* SwiftGMP.framework */,
				F87C9A9E214D1E7F009967AA /* SwiftHex.framework */,
				F87C9AA2214D1E7F009967AA /* SwiftIpfsApi.framework */,
				F87C9AA3214D1E7F009967AA /* SwiftMultiaddr.framework */,
				F87C9AA4214D1E7F009967AA /* SwiftMultihash.framework */,
				F87C9AA1214D1E7F009967AA /* VarInt.framework */,
				F826F74D214D130B006E9E4C /* Pods_IPFSiOS.framework */,
			);
			name = Frameworks;
			sourceTree = "<group>";
		};
		F85C00DB214CD1FF00D98352 = {
			isa = PBXGroup;
			children = (
				F85C00E6214CD1FF00D98352 /* IPFSiOS */,
				F85C00E5214CD1FF00D98352 /* Products */,
				3B728CC848D9243A7AFAF8B2 /* Pods */,
				6E68E281643EBD953EC74546 /* Frameworks */,
			);
			sourceTree = "<group>";
		};
		F85C00E5214CD1FF00D98352 /* Products */ = {
			isa = PBXGroup;
			children = (
				F85C00E4214CD1FF00D98352 /* IPFSiOS.app */,
			);
			name = Products;
			sourceTree = "<group>";
		};
		F85C00E6214CD1FF00D98352 /* IPFSiOS */ = {
			isa = PBXGroup;
			children = (
				F85C00F9214CD3C300D98352 /* NativeModule */,
				F85C00E7214CD1FF00D98352 /* AppDelegate.swift */,
				F85C0134214D058400D98352 /* HomeViewController.swift */,
				F85C00EB214CD1FF00D98352 /* Main.storyboard */,
				F85C00EE214CD20000D98352 /* Assets.xcassets */,
				F85C00F0214CD20000D98352 /* LaunchScreen.storyboard */,
				F85C00F3214CD20000D98352 /* Info.plist */,
			);
			path = IPFSiOS;
			sourceTree = "<group>";
		};
		F85C00F9214CD3C300D98352 /* NativeModule */ = {
			isa = PBXGroup;
			children = (
				F85C00FA214CD3D200D98352 /* IPFSiOS-Bridging-Header.h */,
				F85C00FC214CD3D200D98352 /* SwiftReactNativeBridge.m */,
				F85C0107214CFFAB00D98352 /* Upload.swift */,
			);
			path = NativeModule;
			sourceTree = "<group>";
		};
/* End PBXGroup section */

/* Begin PBXNativeTarget section */
		F85C00E3214CD1FF00D98352 /* IPFSiOS */ = {
			isa = PBXNativeTarget;
			buildConfigurationList = F85C00F6214CD20000D98352 /* Build configuration list for PBXNativeTarget "IPFSiOS" */;
			buildPhases = (
				A42731F8876718BB5A0D3CD8 /* [CP] Check Pods Manifest.lock */,
				F85C00E0214CD1FF00D98352 /* Sources */,
				F85C00E1214CD1FF00D98352 /* Frameworks */,
				F85C00E2214CD1FF00D98352 /* Resources */,
				4658AD9A20068CDDE36B1D36 /* [CP] Embed Pods Frameworks */,
				F826F752214D136C006E9E4C /* Embed Frameworks */,
			);
			buildRules = (
			);
			dependencies = (
			);
			name = IPFSiOS;
			productName = IPFSiOS;
			productReference = F85C00E4214CD1FF00D98352 /* IPFSiOS.app */;
			productType = "com.apple.product-type.application";
		};
/* End PBXNativeTarget section */

/* Begin PBXProject section */
		F85C00DC214CD1FF00D98352 /* Project object */ = {
			isa = PBXProject;
			attributes = {
				LastSwiftUpdateCheck = 0940;
				LastUpgradeCheck = 0940;
				ORGANIZATIONNAME = com.nz.IPFS;
				TargetAttributes = {
					F85C00E3214CD1FF00D98352 = {
						CreatedOnToolsVersion = 9.4.1;
						LastSwiftMigration = 0940;
					};
				};
			};
			buildConfigurationList = F85C00DF214CD1FF00D98352 /* Build configuration list for PBXProject "IPFSiOS" */;
			compatibilityVersion = "Xcode 9.3";
			developmentRegion = en;
			hasScannedForEncodings = 0;
			knownRegions = (
				en,
				Base,
			);
			mainGroup = F85C00DB214CD1FF00D98352;
			productRefGroup = F85C00E5214CD1FF00D98352 /* Products */;
			projectDirPath = "";
			projectRoot = "";
			targets = (
				F85C00E3214CD1FF00D98352 /* IPFSiOS */,
			);
		};
/* End PBXProject section */

/* Begin PBXResourcesBuildPhase section */
		F85C00E2214CD1FF00D98352 /* Resources */ = {
			isa = PBXResourcesBuildPhase;
			buildActionMask = 2147483647;
			files = (
				F85C00F2214CD20000D98352 /* LaunchScreen.storyboard in Resources */,
				F85C00EF214CD20000D98352 /* Assets.xcassets in Resources */,
				F85C00ED214CD1FF00D98352 /* Main.storyboard in Resources */,
			);
			runOnlyForDeploymentPostprocessing = 0;
		};
/* End PBXResourcesBuildPhase section */

/* Begin PBXShellScriptBuildPhase section */
		4658AD9A20068CDDE36B1D36 /* [CP] Embed Pods Frameworks */ = {
			isa = PBXShellScriptBuildPhase;
			buildActionMask = 2147483647;
			files = (
			);
			inputPaths = (
				"${SRCROOT}/Pods/Target Support Files/Pods-IPFSiOS/Pods-IPFSiOS-frameworks.sh",
				"${BUILT_PRODUCTS_DIR}/DoubleConversion/DoubleConversion.framework",
				"${BUILT_PRODUCTS_DIR}/Folly/folly.framework",
				"${BUILT_PRODUCTS_DIR}/React/React.framework",
				"${BUILT_PRODUCTS_DIR}/glog/glog.framework",
				"${BUILT_PRODUCTS_DIR}/yoga/yoga.framework",
			);
			name = "[CP] Embed Pods Frameworks";
			outputPaths = (
				"${TARGET_BUILD_DIR}/${FRAMEWORKS_FOLDER_PATH}/DoubleConversion.framework",
				"${TARGET_BUILD_DIR}/${FRAMEWORKS_FOLDER_PATH}/folly.framework",
				"${TARGET_BUILD_DIR}/${FRAMEWORKS_FOLDER_PATH}/React.framework",
				"${TARGET_BUILD_DIR}/${FRAMEWORKS_FOLDER_PATH}/glog.framework",
				"${TARGET_BUILD_DIR}/${FRAMEWORKS_FOLDER_PATH}/yoga.framework",
			);
			runOnlyForDeploymentPostprocessing = 0;
			shellPath = /bin/sh;
			shellScript = "\"${SRCROOT}/Pods/Target Support Files/Pods-IPFSiOS/Pods-IPFSiOS-frameworks.sh\"\n";
			showEnvVarsInLog = 0;
		};
		A42731F8876718BB5A0D3CD8 /* [CP] Check Pods Manifest.lock */ = {
			isa = PBXShellScriptBuildPhase;
			buildActionMask = 2147483647;
			files = (
			);
			inputPaths = (
				"${PODS_PODFILE_DIR_PATH}/Podfile.lock",
				"${PODS_ROOT}/Manifest.lock",
			);
			name = "[CP] Check Pods Manifest.lock";
			outputPaths = (
				"$(DERIVED_FILE_DIR)/Pods-IPFSiOS-checkManifestLockResult.txt",
			);
			runOnlyForDeploymentPostprocessing = 0;
			shellPath = /bin/sh;
			shellScript = "diff \"${PODS_PODFILE_DIR_PATH}/Podfile.lock\" \"${PODS_ROOT}/Manifest.lock\" > /dev/null\nif [ $? != 0 ] ; then\n    # print error to STDERR\n    echo \"error: The sandbox is not in sync with the Podfile.lock. Run 'pod install' or update your CocoaPods installation.\" >&2\n    exit 1\nfi\n# This output is used by Xcode 'outputs' to avoid re-running this script phase.\necho \"SUCCESS\" > \"${SCRIPT_OUTPUT_FILE_0}\"\n";
			showEnvVarsInLog = 0;
		};
/* End PBXShellScriptBuildPhase section */

/* Begin PBXSourcesBuildPhase section */
		F85C00E0214CD1FF00D98352 /* Sources */ = {
			isa = PBXSourcesBuildPhase;
			buildActionMask = 2147483647;
			files = (
				F85C0108214CFFAB00D98352 /* Upload.swift in Sources */,
				F85C00E8214CD1FF00D98352 /* AppDelegate.swift in Sources */,
				F85C0135214D058400D98352 /* HomeViewController.swift in Sources */,
				F85C00FD214CD3D200D98352 /* SwiftReactNativeBridge.m in Sources */,
			);
			runOnlyForDeploymentPostprocessing = 0;
		};
/* End PBXSourcesBuildPhase section */

/* Begin PBXVariantGroup section */
		F85C00EB214CD1FF00D98352 /* Main.storyboard */ = {
			isa = PBXVariantGroup;
			children = (
				F85C00EC214CD1FF00D98352 /* Base */,
			);
			name = Main.storyboard;
			sourceTree = "<group>";
		};
		F85C00F0214CD20000D98352 /* LaunchScreen.storyboard */ = {
			isa = PBXVariantGroup;
			children = (
				F85C00F1214CD20000D98352 /* Base */,
			);
			name = LaunchScreen.storyboard;
			sourceTree = "<group>";
		};
/* End PBXVariantGroup section */

/* Begin XCBuildConfiguration section */
		F85C00F4214CD20000D98352 /* Debug */ = {
			isa = XCBuildConfiguration;
			buildSettings = {
				ALWAYS_SEARCH_USER_PATHS = NO;
				CLANG_ANALYZER_NONNULL = YES;
				CLANG_ANALYZER_NUMBER_OBJECT_CONVERSION = YES_AGGRESSIVE;
				CLANG_CXX_LANGUAGE_STANDARD = "gnu++14";
				CLANG_CXX_LIBRARY = "libc++";
				CLANG_ENABLE_MODULES = YES;
				CLANG_ENABLE_OBJC_ARC = YES;
				CLANG_ENABLE_OBJC_WEAK = YES;
				CLANG_WARN_BLOCK_CAPTURE_AUTORELEASING = YES;
				CLANG_WARN_BOOL_CONVERSION = YES;
				CLANG_WARN_COMMA = YES;
				CLANG_WARN_CONSTANT_CONVERSION = YES;
				CLANG_WARN_DEPRECATED_OBJC_IMPLEMENTATIONS = YES;
				CLANG_WARN_DIRECT_OBJC_ISA_USAGE = YES_ERROR;
				CLANG_WARN_DOCUMENTATION_COMMENTS = YES;
				CLANG_WARN_EMPTY_BODY = YES;
				CLANG_WARN_ENUM_CONVERSION = YES;
				CLANG_WARN_INFINITE_RECURSION = YES;
				CLANG_WARN_INT_CONVERSION = YES;
				CLANG_WARN_NON_LITERAL_NULL_CONVERSION = YES;
				CLANG_WARN_OBJC_IMPLICIT_RETAIN_SELF = YES;
				CLANG_WARN_OBJC_LITERAL_CONVERSION = YES;
				CLANG_WARN_OBJC_ROOT_CLASS = YES_ERROR;
				CLANG_WARN_RANGE_LOOP_ANALYSIS = YES;
				CLANG_WARN_STRICT_PROTOTYPES = YES;
				CLANG_WARN_SUSPICIOUS_MOVE = YES;
				CLANG_WARN_UNGUARDED_AVAILABILITY = YES_AGGRESSIVE;
				CLANG_WARN_UNREACHABLE_CODE = YES;
				CLANG_WARN__DUPLICATE_METHOD_MATCH = YES;
				CODE_SIGN_IDENTITY = "iPhone Developer";
				COPY_PHASE_STRIP = NO;
				DEBUG_INFORMATION_FORMAT = dwarf;
				ENABLE_STRICT_OBJC_MSGSEND = YES;
				ENABLE_TESTABILITY = YES;
				GCC_C_LANGUAGE_STANDARD = gnu11;
				GCC_DYNAMIC_NO_PIC = NO;
				GCC_NO_COMMON_BLOCKS = YES;
				GCC_OPTIMIZATION_LEVEL = 0;
				GCC_PREPROCESSOR_DEFINITIONS = (
					"DEBUG=1",
					"$(inherited)",
				);
				GCC_WARN_64_TO_32_BIT_CONVERSION = YES;
				GCC_WARN_ABOUT_RETURN_TYPE = YES_ERROR;
				GCC_WARN_UNDECLARED_SELECTOR = YES;
				GCC_WARN_UNINITIALIZED_AUTOS = YES_AGGRESSIVE;
				GCC_WARN_UNUSED_FUNCTION = YES;
				GCC_WARN_UNUSED_VARIABLE = YES;
				IPHONEOS_DEPLOYMENT_TARGET = 10.0;
				MTL_ENABLE_DEBUG_INFO = YES;
				ONLY_ACTIVE_ARCH = YES;
				SDKROOT = iphoneos;
				SWIFT_ACTIVE_COMPILATION_CONDITIONS = DEBUG;
				SWIFT_OPTIMIZATION_LEVEL = "-Onone";
			};
			name = Debug;
		};
		F85C00F5214CD20000D98352 /* Release */ = {
			isa = XCBuildConfiguration;
			buildSettings = {
				ALWAYS_SEARCH_USER_PATHS = NO;
				CLANG_ANALYZER_NONNULL = YES;
				CLANG_ANALYZER_NUMBER_OBJECT_CONVERSION = YES_AGGRESSIVE;
				CLANG_CXX_LANGUAGE_STANDARD = "gnu++14";
				CLANG_CXX_LIBRARY = "libc++";
				CLANG_ENABLE_MODULES = YES;
				CLANG_ENABLE_OBJC_ARC = YES;
				CLANG_ENABLE_OBJC_WEAK = YES;
				CLANG_WARN_BLOCK_CAPTURE_AUTORELEASING = YES;
				CLANG_WARN_BOOL_CONVERSION = YES;
				CLANG_WARN_COMMA = YES;
				CLANG_WARN_CONSTANT_CONVERSION = YES;
				CLANG_WARN_DEPRECATED_OBJC_IMPLEMENTATIONS = YES;
				CLANG_WARN_DIRECT_OBJC_ISA_USAGE = YES_ERROR;
				CLANG_WARN_DOCUMENTATION_COMMENTS = YES;
				CLANG_WARN_EMPTY_BODY = YES;
				CLANG_WARN_ENUM_CONVERSION = YES;
				CLANG_WARN_INFINITE_RECURSION = YES;
				CLANG_WARN_INT_CONVERSION = YES;
				CLANG_WARN_NON_LITERAL_NULL_CONVERSION = YES;
				CLANG_WARN_OBJC_IMPLICIT_RETAIN_SELF = YES;
				CLANG_WARN_OBJC_LITERAL_CONVERSION = YES;
				CLANG_WARN_OBJC_ROOT_CLASS = YES_ERROR;
				CLANG_WARN_RANGE_LOOP_ANALYSIS = YES;
				CLANG_WARN_STRICT_PROTOTYPES = YES;
				CLANG_WARN_SUSPICIOUS_MOVE = YES;
				CLANG_WARN_UNGUARDED_AVAILABILITY = YES_AGGRESSIVE;
				CLANG_WARN_UNREACHABLE_CODE = YES;
				CLANG_WARN__DUPLICATE_METHOD_MATCH = YES;
				CODE_SIGN_IDENTITY = "iPhone Developer";
				COPY_PHASE_STRIP = NO;
				DEBUG_INFORMATION_FORMAT = "dwarf-with-dsym";
				ENABLE_NS_ASSERTIONS = NO;
				ENABLE_STRICT_OBJC_MSGSEND = YES;
				GCC_C_LANGUAGE_STANDARD = gnu11;
				GCC_NO_COMMON_BLOCKS = YES;
				GCC_WARN_64_TO_32_BIT_CONVERSION = YES;
				GCC_WARN_ABOUT_RETURN_TYPE = YES_ERROR;
				GCC_WARN_UNDECLARED_SELECTOR = YES;
				GCC_WARN_UNINITIALIZED_AUTOS = YES_AGGRESSIVE;
				GCC_WARN_UNUSED_FUNCTION = YES;
				GCC_WARN_UNUSED_VARIABLE = YES;
				IPHONEOS_DEPLOYMENT_TARGET = 10.0;
				MTL_ENABLE_DEBUG_INFO = NO;
				SDKROOT = iphoneos;
				SWIFT_COMPILATION_MODE = wholemodule;
				SWIFT_OPTIMIZATION_LEVEL = "-O";
				VALIDATE_PRODUCT = YES;
			};
			name = Release;
		};
		F85C00F7214CD20000D98352 /* Debug */ = {
			isa = XCBuildConfiguration;
			baseConfigurationReference = CA720B70721F6134CDE4345E /* Pods-IPFSiOS.debug.xcconfig */;
			buildSettings = {
				ALWAYS_EMBED_SWIFT_STANDARD_LIBRARIES = NO;
				ASSETCATALOG_COMPILER_APPICON_NAME = AppIcon;
				CLANG_ENABLE_MODULES = YES;
				CODE_SIGN_STYLE = Automatic;
				FRAMEWORK_SEARCH_PATHS = (
					"$(inherited)",
					"$(PROJECT_DIR)/IPFSClient/Products",
					"$(PROJECT_DIR)/IPFSClient/Carthage/Build/iOS",
				);
				HEADER_SEARCH_PATHS = "$(SRCROOT)/../IPFSClient";
				INFOPLIST_FILE = IPFSiOS/Info.plist;
				IPHONEOS_DEPLOYMENT_TARGET = 10.0;
				LD_RUNPATH_SEARCH_PATHS = (
					"$(inherited)",
					"@executable_path/Frameworks",
				);
				PRODUCT_BUNDLE_IDENTIFIER = com.nz.harry.IPFSiOS;
				PRODUCT_NAME = "$(TARGET_NAME)";
				SWIFT_OBJC_BRIDGING_HEADER = "IPFSiOS/NativeModule/IPFSiOS-Bridging-Header.h";
				SWIFT_OPTIMIZATION_LEVEL = "-Onone";
				SWIFT_VERSION = 4.0;
				TARGETED_DEVICE_FAMILY = "1,2";
			};
			name = Debug;
		};
		F85C00F8214CD20000D98352 /* Release */ = {
			isa = XCBuildConfiguration;
			baseConfigurationReference = FC6E50D11EBFE36CCD771B4F /* Pods-IPFSiOS.release.xcconfig */;
			buildSettings = {
				ALWAYS_EMBED_SWIFT_STANDARD_LIBRARIES = NO;
				ASSETCATALOG_COMPILER_APPICON_NAME = AppIcon;
				CLANG_ENABLE_MODULES = YES;
				CODE_SIGN_STYLE = Automatic;
				FRAMEWORK_SEARCH_PATHS = (
					"$(inherited)",
					"$(PROJECT_DIR)/IPFSClient/Products",
					"$(PROJECT_DIR)/IPFSClient/Carthage/Build/iOS",
				);
				HEADER_SEARCH_PATHS = "$(SRCROOT)/../IPFSClient";
				INFOPLIST_FILE = IPFSiOS/Info.plist;
				IPHONEOS_DEPLOYMENT_TARGET = 10.0;
				LD_RUNPATH_SEARCH_PATHS = (
					"$(inherited)",
					"@executable_path/Frameworks",
				);
				PRODUCT_BUNDLE_IDENTIFIER = com.nz.harry.IPFSiOS;
				PRODUCT_NAME = "$(TARGET_NAME)";
				SWIFT_OBJC_BRIDGING_HEADER = "IPFSiOS/NativeModule/IPFSiOS-Bridging-Header.h";
				SWIFT_VERSION = 4.0;
				TARGETED_DEVICE_FAMILY = "1,2";
			};
			name = Release;
		};
/* End XCBuildConfiguration section */

/* Begin XCConfigurationList section */
		F85C00DF214CD1FF00D98352 /* Build configuration list for PBXProject "IPFSiOS" */ = {
			isa = XCConfigurationList;
			buildConfigurations = (
				F85C00F4214CD20000D98352 /* Debug */,
				F85C00F5214CD20000D98352 /* Release */,
			);
			defaultConfigurationIsVisible = 0;
			defaultConfigurationName = Release;
		};
		F85C00F6214CD20000D98352 /* Build configuration list for PBXNativeTarget "IPFSiOS" */ = {
			isa = XCConfigurationList;
			buildConfigurations = (
				F85C00F7214CD20000D98352 /* Debug */,
				F85C00F8214CD20000D98352 /* Release */,
			);
			defaultConfigurationIsVisible = 0;
			defaultConfigurationName = Release;
		};
/* End XCConfigurationList section */
	};
	rootObject = F85C00DC214CD1FF00D98352 /* Project object */;
}
